dependencies:
  espressif/servo:
    component_hash: 590e8811e0542d04cef3d355cced4bdbdf132bdd8a770e894201ba24743b2acf
    dependencies:
    - name: idf
      require: private
      version: '>=4.4'
    source:
      registry_url: https://components.espressif.com/
      type: service
    version: 1.0.0
  idf:
    source:
      type: idf
    version: 6.0.2
direct_dependencies:
- espressif/servo
manifest_hash: f159263bd5a4ee91c0e9d93ae913ee8231bb5135011fe3df6e70d20fb06284f4
target: esp32s3
version: 3.0.0
